// !$*UTF8*$!
{
	archiveVersion = 1;
	classes = {
	};
	objectVersion = 77;
	objects = {

/* Begin PBXBuildFile section */
		C7C946D92E5406260031E86C /* GoogleSignIn in Frameworks */ = {isa = PBXBuildFile; productRef = C7C946D82E5406260031E86C /* GoogleSignIn */; };
		C7C946DB2E5406260031E86C /* GoogleSignInSwift in Frameworks */ = {isa = PBXBuildFile; productRef = C7C946DA2E5406260031E86C /* GoogleSignInSwift */; };
		C7C946DD2E5406750031E86C /* FirebaseAI in Frameworks */ = {isa = PBXBuildFile; productRef = C7C946DC2E5406750031E86C /* FirebaseAI */; };
		C7C946DF2E5406750031E86C /* FirebaseAnalytics in Frameworks */ = {isa = PBXBuildFile; productRef = C7C946DE2E5406750031E86C /* FirebaseAnalytics */; };
		C7C946E12E5406750031E86C /* FirebaseAnalyticsCore in Frameworks */ = {isa = PBXBuildFile; productRef = C7C946E02E5406750031E86C /* FirebaseAnalyticsCore */; };
		C7C946E32E5406750031E86C /* FirebaseAnalyticsIdentitySupport in Frameworks */ = {isa = PBXBuildFile; productRef = C7C946E22E5406750031E86C /* FirebaseAnalyticsIdentitySupport */; };
		C7C946E52E5406750031E86C /* FirebaseAppCheck in Frameworks */ = {isa = PBXBuildFile; productRef = C7C946E42E5406750031E86C /* FirebaseAppCheck */; };
		C7C946EA2E5407FF0031E86C /* FirebaseAuth in Frameworks */ = {isa = PBXBuildFile; productRef = C7C946E92E5407FF0031E86C /* FirebaseAuth */; };
		C7C946EC2E54080A0031E86C /* FirebaseCore in Frameworks */ = {isa = PBXBuildFile; productRef = C7C946EB2E54080A0031E86C /* FirebaseCore */; };
		C7C946EE2E54080B0031E86C /* FirebaseFirestore in Frameworks */ = {isa = PBXBuildFile; productRef = C7C946ED2E54080B0031E86C /* FirebaseFirestore */; };
/* End PBXBuildFile section */

/* Begin PBXContainerItemProxy section */
		FC72826C2E4A385B00503239 /* PBXContainerItemProxy */ = {
			isa = PBXContainerItemProxy;
			containerPortal = FC7282562E4A385A00503239 /* Project object */;
			proxyType = 1;
			remoteGlobalIDString = FC72825D2E4A385A00503239;
			remoteInfo = DevoApp;
		};
		FC7282762E4A385B00503239 /* PBXContainerItemProxy */ = {
			isa = PBXContainerItemProxy;
			containerPortal = FC7282562E4A385A00503239 /* Project object */;
			proxyType = 1;
			remoteGlobalIDString = FC72825D2E4A385A00503239;
			remoteInfo = DevoApp;
		};
/* End PBXContainerItemProxy section */

/* Begin PBXFileReference section */
		FC72825E2E4A385A00503239 /* DevoApp.app */ = {isa = PBXFileReference; explicitFileType = wrapper.application; includeInIndex = 0; path = DevoApp.app; sourceTree = BUILT_PRODUCTS_DIR; };
		FC72826B2E4A385B00503239 /* DevoAppTests.xctest */ = {isa = PBXFileReference; explicitFileType = wrapper.cfbundle; includeInIndex = 0; path = DevoAppTests.xctest; sourceTree = BUILT_PRODUCTS_DIR; };
		FC7282752E4A385B00503239 /* DevoAppUITests.xctest */ = {isa = PBXFileReference; explicitFileType = wrapper.cfbundle; includeInIndex = 0; path = DevoAppUITests.xctest; sourceTree = BUILT_PRODUCTS_DIR; };
/* End PBXFileReference section */

/* Begin PBXFileSystemSynchronizedBuildFileExceptionSet section */
		C7C946E72E5406E20031E86C /* Exceptions for "DevoApp" folder in "DevoApp" target */ = {
			isa = PBXFileSystemSynchronizedBuildFileExceptionSet;
			membershipExceptions = (
				Info.plist,
			);
			target = FC72825D2E4A385A00503239 /* DevoApp */;
		};
/* End PBXFileSystemSynchronizedBuildFileExceptionSet section */

/* Begin PBXFileSystemSynchronizedRootGroup section */
		FC7282602E4A385A00503239 /* DevoApp */ = {
			isa = PBXFileSystemSynchronizedRootGroup;
			exceptions = (
				C7C946E72E5406E20031E86C /* Exceptions for "DevoApp" folder in "DevoApp" target */,
			);
			path = DevoApp;
			sourceTree = "<group>";
		};
		FC72826E2E4A385B00503239 /* DevoAppTests */ = {
			isa = PBXFileSystemSynchronizedRootGroup;
			path = DevoAppTests;
			sourceTree = "<group>";
		};
		FC7282782E4A385B00503239 /* DevoAppUITests */ = {
			isa = PBXFileSystemSynchronizedRootGroup;
			path = DevoAppUITests;
			sourceTree = "<group>";
		};
/* End PBXFileSystemSynchronizedRootGroup section */

/* Begin PBXFrameworksBuildPhase section */
		FC72825B2E4A385A00503239 /* Frameworks */ = {
			isa = PBXFrameworksBuildPhase;
			buildActionMask = 2147483647;
			files = (
				C7C946D92E5406260031E86C /* GoogleSignIn in Frameworks */,
				C7C946DB2E5406260031E86C /* GoogleSignInSwift in Frameworks */,
				C7C946E32E5406750031E86C /* FirebaseAnalyticsIdentitySupport in Frameworks */,
				C7C946E12E5406750031E86C /* FirebaseAnalyticsCore in Frameworks */,
				C7C946E52E5406750031E86C /* FirebaseAppCheck in Frameworks */,
				C7C946DF2E5406750031E86C /* FirebaseAnalytics in Frameworks */,
				C7C946DD2E5406750031E86C /* FirebaseAI in Frameworks */,
				C7C946EC2E54080A0031E86C /* FirebaseCore in Frameworks */,
				C7C946EA2E5407FF0031E86C /* FirebaseAuth in Frameworks */,
				C7C946EE2E54080B0031E86C /* FirebaseFirestore in Frameworks */,
			);
			runOnlyForDeploymentPostprocessing = 0;
		};
		FC7282682E4A385B00503239 /* Frameworks */ = {
			isa = PBXFrameworksBuildPhase;
			buildActionMask = 2147483647;
			files = (
			);
			runOnlyForDeploymentPostprocessing = 0;
		};
		FC7282722E4A385B00503239 /* Frameworks */ = {
			isa = PBXFrameworksBuildPhase;
			buildActionMask = 2147483647;
			files = (
			);
			runOnlyForDeploymentPostprocessing = 0;
		};
/* End PBXFrameworksBuildPhase section */

/* Begin PBXGroup section */
		C7C946E82E5407FF0031E86C /* Frameworks */ = {
			isa = PBXGroup;
			children = (
			);
			name = Frameworks;
			sourceTree = "<group>";
		};
		FC7282552E4A385A00503239 = {
			isa = PBXGroup;
			children = (
				FC7282602E4A385A00503239 /* DevoApp */,
				FC72826E2E4A385B00503239 /* DevoAppTests */,
				FC7282782E4A385B00503239 /* DevoAppUITests */,
				C7C946E82E5407FF0031E86C /* Frameworks */,
				FC72825F2E4A385A00503239 /* Products */,
			);
			sourceTree = "<group>";
		};
		FC72825F2E4A385A00503239 /* Products */ = {
			isa = PBXGroup;
			children = (
				FC72825E2E4A385A00503239 /* DevoApp.app */,
				FC72826B2E4A385B00503239 /* DevoAppTests.xctest */,
				FC7282752E4A385B00503239 /* DevoAppUITests.xctest */,
			);
			name = Products;
			sourceTree = "<group>";
		};
/* End PBXGroup section */

/* Begin PBXNativeTarget section */
		FC72825D2E4A385A00503239 /* DevoApp */ = {
			isa = PBXNativeTarget;
			buildConfigurationList = FC72827F2E4A385B00503239 /* Build configuration list for PBXNativeTarget "DevoApp" */;
			buildPhases = (
				FC72825A2E4A385A00503239 /* Sources */,
				FC72825B2E4A385A00503239 /* Frameworks */,
				FC72825C2E4A385A00503239 /* Resources */,
			);
			buildRules = (
			);
			dependencies = (
			);
			fileSystemSynchronizedGroups = (
				FC7282602E4A385A00503239 /* DevoApp */,
			);
			name = DevoApp;
			packageProductDependencies = (
				C7C946D82E5406260031E86C /* GoogleSignIn */,
				C7C946DA2E5406260031E86C /* GoogleSignInSwift */,
				C7C946DC2E5406750031E86C /* FirebaseAI */,
				C7C946DE2E5406750031E86C /* FirebaseAnalytics */,
				C7C946E02E5406750031E86C /* FirebaseAnalyticsCore */,
				C7C946E22E5406750031E86C /* FirebaseAnalyticsIdentitySupport */,
				C7C946E42E5406750031E86C /* FirebaseAppCheck */,
				C7C946E92E5407FF0031E86C /* FirebaseAuth */,
				C7C946EB2E54080A0031E86C /* FirebaseCore */,
				C7C946ED2E54080B0031E86C /* FirebaseFirestore */,
			);
			productName = DevoApp;
			productReference = FC72825E2E4A385A00503239 /* DevoApp.app */;
			productType = "com.apple.product-type.application";
		};
		FC72826A2E4A385B00503239 /* DevoAppTests */ = {
			isa = PBXNativeTarget;
			buildConfigurationList = FC7282822E4A385B00503239 /* Build configuration list for PBXNativeTarget "DevoAppTests" */;
			buildPhases = (
				FC7282672E4A385B00503239 /* Sources */,
				FC7282682E4A385B00503239 /* Frameworks */,
				FC7282692E4A385B00503239 /* Resources */,
			);
			buildRules = (
			);
			dependencies = (
				FC72826D2E4A385B00503239 /* PBXTargetDependency */,
			);
			fileSystemSynchronizedGroups = (
				FC72826E2E4A385B00503239 /* DevoAppTests */,
			);
			name = DevoAppTests;
			packageProductDependencies = (
			);
			productName = DevoAppTests;
			productReference = FC72826B2E4A385B00503239 /* DevoAppTests.xctest */;
			productType = "com.apple.product-type.bundle.unit-test";
		};
		FC7282742E4A385B00503239 /* DevoAppUITests */ = {
			isa = PBXNativeTarget;
			buildConfigurationList = FC7282852E4A385B00503239 /* Build configuration list for PBXNativeTarget "DevoAppUITests" */;
			buildPhases = (
				FC7282712E4A385B00503239 /* Sources */,
				FC7282722E4A385B00503239 /* Frameworks */,
				FC7282732E4A385B00503239 /* Resources */,
			);
			buildRules = (
			);
			dependencies = (
				FC7282772E4A385B00503239 /* PBXTargetDependency */,
			);
			fileSystemSynchronizedGroups = (
				FC7282782E4A385B00503239 /* DevoAppUITests */,
			);
			name = DevoAppUITests;
			packageProductDependencies = (
			);
			productName = DevoAppUITests;
			productReference = FC7282752E4A385B00503239 /* DevoAppUITests.xctest */;
			productType = "com.apple.product-type.bundle.ui-testing";
		};
/* End PBXNativeTarget section */

/* Begin PBXProject section */
		FC7282562E4A385A00503239 /* Project object */ = {
			isa = PBXProject;
			attributes = {
				BuildIndependentTargetsInParallel = 1;
				LastSwiftUpdateCheck = 1640;
				LastUpgradeCheck = 1640;
				TargetAttributes = {
					FC72825D2E4A385A00503239 = {
						CreatedOnToolsVersion = 16.4;
					};
					FC72826A2E4A385B00503239 = {
						CreatedOnToolsVersion = 16.4;
						TestTargetID = FC72825D2E4A385A00503239;
					};
					FC7282742E4A385B00503239 = {
						CreatedOnToolsVersion = 16.4;
						TestTargetID = FC72825D2E4A385A00503239;
					};
				};
			};
			buildConfigurationList = FC7282592E4A385A00503239 /* Build configuration list for PBXProject "DevoApp" */;
			developmentRegion = en;
			hasScannedForEncodings = 0;
			knownRegions = (
				en,
				Base,
				es,
			);
			mainGroup = FC7282552E4A385A00503239;
			minimizedProjectReferenceProxies = 1;
			packageReferences = (
				C7C946D62E5405C50031E86C /* XCRemoteSwiftPackageReference "firebase-ios-sdk" */,
				C7C946D72E5406260031E86C /* XCRemoteSwiftPackageReference "GoogleSignIn-iOS" */,
			);
			preferredProjectObjectVersion = 77;
			productRefGroup = FC72825F2E4A385A00503239 /* Products */;
			projectDirPath = "";
			projectRoot = "";
			targets = (
				FC72825D2E4A385A00503239 /* DevoApp */,
				FC72826A2E4A385B00503239 /* DevoAppTests */,
				FC7282742E4A385B00503239 /* DevoAppUITests */,
			);
		};
/* End PBXProject section */

/* Begin PBXResourcesBuildPhase section */
		FC72825C2E4A385A00503239 /* Resources */ = {
			isa = PBXResourcesBuildPhase;
			buildActionMask = 2147483647;
			files = (
			);
			runOnlyForDeploymentPostprocessing = 0;
		};
		FC7282692E4A385B00503239 /* Resources */ = {
			isa = PBXResourcesBuildPhase;
			buildActionMask = 2147483647;
			files = (
			);
			runOnlyForDeploymentPostprocessing = 0;
		};
		FC7282732E4A385B00503239 /* Resources */ = {
			isa = PBXResourcesBuildPhase;
			buildActionMask = 2147483647;
			files = (
			);
			runOnlyForDeploymentPostprocessing = 0;
		};
/* End PBXResourcesBuildPhase section */

/* Begin PBXSourcesBuildPhase section */
		FC72825A2E4A385A00503239 /* Sources */ = {
			isa = PBXSourcesBuildPhase;
			buildActionMask = 2147483647;
			files = (
			);
			runOnlyForDeploymentPostprocessing = 0;
		};
		FC7282672E4A385B00503239 /* Sources */ = {
			isa = PBXSourcesBuildPhase;
			buildActionMask = 2147483647;
			files = (
			);
			runOnlyForDeploymentPostprocessing = 0;
		};
		FC7282712E4A385B00503239 /* Sources */ = {
			isa = PBXSourcesBuildPhase;
			buildActionMask = 2147483647;
			files = (
			);
			runOnlyForDeploymentPostprocessing = 0;
		};
/* End PBXSourcesBuildPhase section */

/* Begin PBXTargetDependency section */
		FC72826D2E4A385B00503239 /* PBXTargetDependency */ = {
			isa = PBXTargetDependency;
			target = FC72825D2E4A385A00503239 /* DevoApp */;
			targetProxy = FC72826C2E4A385B00503239 /* PBXContainerItemProxy */;
		};
		FC7282772E4A385B00503239 /* PBXTargetDependency */ = {
			isa = PBXTargetDependency;
			target = FC72825D2E4A385A00503239 /* DevoApp */;
			targetProxy = FC7282762E4A385B00503239 /* PBXContainerItemProxy */;
		};
/* End PBXTargetDependency section */

/* Begin XCBuildConfiguration section */
		FC72827D2E4A385B00503239 /* Debug */ = {
			isa = XCBuildConfiguration;
			buildSettings = {
				ALWAYS_SEARCH_USER_PATHS = NO;
				ASSETCATALOG_COMPILER_GENERATE_SWIFT_ASSET_SYMBOL_EXTENSIONS = YES;
				CLANG_ANALYZER_NONNULL = YES;
				CLANG_ANALYZER_NUMBER_OBJECT_CONVERSION = YES_AGGRESSIVE;
				CLANG_CXX_LANGUAGE_STANDARD = "gnu++20";
				CLANG_ENABLE_MODULES = YES;
				CLANG_ENABLE_OBJC_ARC = YES;
				CLANG_ENABLE_OBJC_WEAK = YES;
				CLANG_WARN_BLOCK_CAPTURE_AUTORELEASING = YES;
				CLANG_WARN_BOOL_CONVERSION = YES;
				CLANG_WARN_COMMA = YES;
				CLANG_WARN_CONSTANT_CONVERSION = YES;
				CLANG_WARN_DEPRECATED_OBJC_IMPLEMENTATIONS = YES;
				CLANG_WARN_DIRECT_OBJC_ISA_USAGE = YES_ERROR;
				CLANG_WARN_DOCUMENTATION_COMMENTS = YES;
				CLANG_WARN_EMPTY_BODY = YES;
				CLANG_WARN_ENUM_CONVERSION = YES;
				CLANG_WARN_INFINITE_RECURSION = YES;
				CLANG_WARN_INT_CONVERSION = YES;
				CLANG_WARN_NON_LITERAL_NULL_CONVERSION = YES;
				CLANG_WARN_OBJC_IMPLICIT_RETAIN_SELF = YES;
				CLANG_WARN_OBJC_LITERAL_CONVERSION = YES;
				CLANG_WARN_OBJC_ROOT_CLASS = YES_ERROR;
				CLANG_WARN_QUOTED_INCLUDE_IN_FRAMEWORK_HEADER = YES;
				CLANG_WARN_RANGE_LOOP_ANALYSIS = YES;
				CLANG_WARN_STRICT_PROTOTYPES = YES;
				CLANG_WARN_SUSPICIOUS_MOVE = YES;
				CLANG_WARN_UNGUARDED_AVAILABILITY = YES_AGGRESSIVE;
				CLANG_WARN_UNREACHABLE_CODE = YES;
				CLANG_WARN__DUPLICATE_METHOD_MATCH = YES;
				COPY_PHASE_STRIP = NO;
				DEBUG_INFORMATION_FORMAT = dwarf;
				ENABLE_STRICT_OBJC_MSGSEND = YES;
				ENABLE_TESTABILITY = YES;
				ENABLE_USER_SCRIPT_SANDBOXING = YES;
				GCC_C_LANGUAGE_STANDARD = gnu17;
				GCC_DYNAMIC_NO_PIC = NO;
				GCC_NO_COMMON_BLOCKS = YES;
				GCC_OPTIMIZATION_LEVEL = 0;
				GCC_PREPROCESSOR_DEFINITIONS = (
					"DEBUG=1",
					"$(inherited)",
				);
				GCC_WARN_64_TO_32_BIT_CONVERSION = YES;
				GCC_WARN_ABOUT_RETURN_TYPE = YES_ERROR;
				GCC_WARN_UNDECLARED_SELECTOR = YES;
				GCC_WARN_UNINITIALIZED_AUTOS = YES_AGGRESSIVE;
				GCC_WARN_UNUSED_FUNCTION = YES;
				GCC_WARN_UNUSED_VARIABLE = YES;
				IPHONEOS_DEPLOYMENT_TARGET = 18.5;
				LOCALIZATION_PREFERS_STRING_CATALOGS = YES;
				MTL_ENABLE_DEBUG_INFO = INCLUDE_SOURCE;
				MTL_FAST_MATH = YES;
				ONLY_ACTIVE_ARCH = YES;
				SDKROOT = iphoneos;
				SWIFT_ACTIVE_COMPILATION_CONDITIONS = "DEBUG $(inherited)";
				SWIFT_OPTIMIZATION_LEVEL = "-Onone";
			};
			name = Debug;
		};
		FC72827E2E4A385B00503239 /* Release */ = {
			isa = XCBuildConfiguration;
			buildSettings = {
				ALWAYS_SEARCH_USER_PATHS = NO;
				ASSETCATALOG_COMPILER_GENERATE_SWIFT_ASSET_SYMBOL_EXTENSIONS = YES;
				CLANG_ANALYZER_NONNULL = YES;
				CLANG_ANALYZER_NUMBER_OBJECT_CONVERSION = YES_AGGRESSIVE;
				CLANG_CXX_LANGUAGE_STANDARD = "gnu++20";
				CLANG_ENABLE_MODULES = YES;
				CLANG_ENABLE_OBJC_ARC = YES;
				CLANG_ENABLE_OBJC_WEAK = YES;
				CLANG_WARN_BLOCK_CAPTURE_AUTORELEASING = YES;
				CLANG_WARN_BOOL_CONVERSION = YES;
				CLANG_WARN_COMMA = YES;
				CLANG_WARN_CONSTANT_CONVERSION = YES;
				CLANG_WARN_DEPRECATED_OBJC_IMPLEMENTATIONS = YES;
				CLANG_WARN_DIRECT_OBJC_ISA_USAGE = YES_ERROR;
				CLANG_WARN_DOCUMENTATION_COMMENTS = YES;
				CLANG_WARN_EMPTY_BODY = YES;
				CLANG_WARN_ENUM_CONVERSION = YES;
				CLANG_WARN_INFINITE_RECURSION = YES;
				CLANG_WARN_INT_CONVERSION = YES;
				CLANG_WARN_NON_LITERAL_NULL_CONVERSION = YES;
				CLANG_WARN_OBJC_IMPLICIT_RETAIN_SELF = YES;
				CLANG_WARN_OBJC_LITERAL_CONVERSION = YES;
				CLANG_WARN_OBJC_ROOT_CLASS = YES_ERROR;
				CLANG_WARN_QUOTED_INCLUDE_IN_FRAMEWORK_HEADER = YES;
				CLANG_WARN_RANGE_LOOP_ANALYSIS = YES;
				CLANG_WARN_STRICT_PROTOTYPES = YES;
				CLANG_WARN_SUSPICIOUS_MOVE = YES;
				CLANG_WARN_UNGUARDED_AVAILABILITY = YES_AGGRESSIVE;
				CLANG_WARN_UNREACHABLE_CODE = YES;
				CLANG_WARN__DUPLICATE_METHOD_MATCH = YES;
				COPY_PHASE_STRIP = NO;
				DEBUG_INFORMATION_FORMAT = "dwarf-with-dsym";
				ENABLE_NS_ASSERTIONS = NO;
				ENABLE_STRICT_OBJC_MSGSEND = YES;
				ENABLE_USER_SCRIPT_SANDBOXING = YES;
				GCC_C_LANGUAGE_STANDARD = gnu17;
				GCC_NO_COMMON_BLOCKS = YES;
				GCC_WARN_64_TO_32_BIT_CONVERSION = YES;
				GCC_WARN_ABOUT_RETURN_TYPE = YES_ERROR;
				GCC_WARN_UNDECLARED_SELECTOR = YES;
				GCC_WARN_UNINITIALIZED_AUTOS = YES_AGGRESSIVE;
				GCC_WARN_UNUSED_FUNCTION = YES;
				GCC_WARN_UNUSED_VARIABLE = YES;
				IPHONEOS_DEPLOYMENT_TARGET = 18.5;
				LOCALIZATION_PREFERS_STRING_CATALOGS = YES;
				MTL_ENABLE_DEBUG_INFO = NO;
				MTL_FAST_MATH = YES;
				SDKROOT = iphoneos;
				SWIFT_COMPILATION_MODE = wholemodule;
				VALIDATE_PRODUCT = YES;
			};
			name = Release;
		};
		FC7282802E4A385B00503239 /* Debug */ = {
			isa = XCBuildConfiguration;
			buildSettings = {
				ASSETCATALOG_COMPILER_APPICON_NAME = AppIcon;
				ASSETCATALOG_COMPILER_GLOBAL_ACCENT_COLOR_NAME = AccentColor;
				CODE_SIGN_STYLE = Automatic;
				CURRENT_PROJECT_VERSION = 1;
				DEVELOPMENT_TEAM = 6G6L9N3F78;
				ENABLE_PREVIEWS = YES;
				GENERATE_INFOPLIST_FILE = YES;
				INFOPLIST_FILE = DevoApp/Info.plist;
				INFOPLIST_KEY_UIApplicationSceneManifest_Generation = YES;
				INFOPLIST_KEY_UIApplicationSupportsIndirectInputEvents = YES;
				INFOPLIST_KEY_UILaunchScreen_Generation = YES;
				INFOPLIST_KEY_UISupportedInterfaceOrientations_iPad = "UIInterfaceOrientationPortrait UIInterfaceOrientationPortraitUpsideDown UIInterfaceOrientationLandscapeLeft UIInterfaceOrientationLandscapeRight";
				INFOPLIST_KEY_UISupportedInterfaceOrientations_iPhone = "UIInterfaceOrientationPortrait UIInterfaceOrientationLandscapeLeft UIInterfaceOrientationLandscapeRight";
				LD_RUNPATH_SEARCH_PATHS = (
					"$(inherited)",
					"@executable_path/Frameworks",
				);
				MARKETING_VERSION = 1.0;
				PRODUCT_BUNDLE_IDENTIFIER = com.jonathan.DevoApp;
				PRODUCT_NAME = "$(TARGET_NAME)";
				SWIFT_EMIT_LOC_STRINGS = YES;
				SWIFT_VERSION = 5.0;
				TARGETED_DEVICE_FAMILY = "1,2";
			};
			name = Debug;
		};
		FC7282812E4A385B00503239 /* Release */ = {
			isa = XCBuildConfiguration;
			buildSettings = {
				ASSETCATALOG_COMPILER_APPICON_NAME = AppIcon;
				ASSETCATALOG_COMPILER_GLOBAL_ACCENT_COLOR_NAME = AccentColor;
				CODE_SIGN_STYLE = Automatic;
				CURRENT_PROJECT_VERSION = 1;
				DEVELOPMENT_TEAM = 6G6L9N3F78;
				ENABLE_PREVIEWS = YES;
				GENERATE_INFOPLIST_FILE = YES;
				INFOPLIST_FILE = DevoApp/Info.plist;
				INFOPLIST_KEY_UIApplicationSceneManifest_Generation = YES;
				INFOPLIST_KEY_UIApplicationSupportsIndirectInputEvents = YES;
				INFOPLIST_KEY_UILaunchScreen_Generation = YES;
				INFOPLIST_KEY_UISupportedInterfaceOrientations_iPad = "UIInterfaceOrientationPortrait UIInterfaceOrientationPortraitUpsideDown UIInterfaceOrientationLandscapeLeft UIInterfaceOrientationLandscapeRight";
				INFOPLIST_KEY_UISupportedInterfaceOrientations_iPhone = "UIInterfaceOrientationPortrait UIInterfaceOrientationLandscapeLeft UIInterfaceOrientationLandscapeRight";
				LD_RUNPATH_SEARCH_PATHS = (
					"$(inherited)",
					"@executable_path/Frameworks",
				);
				MARKETING_VERSION = 1.0;
				PRODUCT_BUNDLE_IDENTIFIER = com.jonathan.DevoApp;
				PRODUCT_NAME = "$(TARGET_NAME)";
				SWIFT_EMIT_LOC_STRINGS = YES;
				SWIFT_VERSION = 5.0;
				TARGETED_DEVICE_FAMILY = "1,2";
			};
			name = Release;
		};
		FC7282832E4A385B00503239 /* Debug */ = {
			isa = XCBuildConfiguration;
			buildSettings = {
				BUNDLE_LOADER = "$(TEST_HOST)";
				CODE_SIGN_STYLE = Automatic;
				CURRENT_PROJECT_VERSION = 1;
				GENERATE_INFOPLIST_FILE = YES;
				IPHONEOS_DEPLOYMENT_TARGET = 18.5;
				MARKETING_VERSION = 1.0;
				PRODUCT_BUNDLE_IDENTIFIER = com.jonathan.DevoAppTests;
				PRODUCT_NAME = "$(TARGET_NAME)";
				SWIFT_EMIT_LOC_STRINGS = NO;
				SWIFT_VERSION = 5.0;
				TARGETED_DEVICE_FAMILY = "1,2";
				TEST_HOST = "$(BUILT_PRODUCTS_DIR)/DevoApp.app/$(BUNDLE_EXECUTABLE_FOLDER_PATH)/DevoApp";
			};
			name = Debug;
		};
		FC7282842E4A385B00503239 /* Release */ = {
			isa = XCBuildConfiguration;
			buildSettings = {
				BUNDLE_LOADER = "$(TEST_HOST)";
				CODE_SIGN_STYLE = Automatic;
				CURRENT_PROJECT_VERSION = 1;
				GENERATE_INFOPLIST_FILE = YES;
				IPHONEOS_DEPLOYMENT_TARGET = 18.5;
				MARKETING_VERSION = 1.0;
				PRODUCT_BUNDLE_IDENTIFIER = com.jonathan.DevoAppTests;
				PRODUCT_NAME = "$(TARGET_NAME)";
				SWIFT_EMIT_LOC_STRINGS = NO;
				SWIFT_VERSION = 5.0;
				TARGETED_DEVICE_FAMILY = "1,2";
				TEST_HOST = "$(BUILT_PRODUCTS_DIR)/DevoApp.app/$(BUNDLE_EXECUTABLE_FOLDER_PATH)/DevoApp";
			};
			name = Release;
		};
		FC7282862E4A385B00503239 /* Debug */ = {
			isa = XCBuildConfiguration;
			buildSettings = {
				CODE_SIGN_STYLE = Automatic;
				CURRENT_PROJECT_VERSION = 1;
				GENERATE_INFOPLIST_FILE = YES;
				MARKETING_VERSION = 1.0;
				PRODUCT_BUNDLE_IDENTIFIER = com.jonathan.DevoAppUITests;
				PRODUCT_NAME = "$(TARGET_NAME)";
				SWIFT_EMIT_LOC_STRINGS = NO;
				SWIFT_VERSION = 5.0;
				TARGETED_DEVICE_FAMILY = "1,2";
				TEST_TARGET_NAME = DevoApp;
			};
			name = Debug;
		};
		FC7282872E4A385B00503239 /* Release */ = {
			isa = XCBuildConfiguration;
			buildSettings = {
				CODE_SIGN_STYLE = Automatic;
				CURRENT_PROJECT_VERSION = 1;
				GENERATE_INFOPLIST_FILE = YES;
				MARKETING_VERSION = 1.0;
				PRODUCT_BUNDLE_IDENTIFIER = com.jonathan.DevoAppUITests;
				PRODUCT_NAME = "$(TARGET_NAME)";
				SWIFT_EMIT_LOC_STRINGS = NO;
				SWIFT_VERSION = 5.0;
				TARGETED_DEVICE_FAMILY = "1,2";
				TEST_TARGET_NAME = DevoApp;
			};
			name = Release;
		};
/* End XCBuildConfiguration section */

/* Begin XCConfigurationList section */
		FC7282592E4A385A00503239 /* Build configuration list for PBXProject "DevoApp" */ = {
			isa = XCConfigurationList;
			buildConfigurations = (
				FC72827D2E4A385B00503239 /* Debug */,
				FC72827E2E4A385B00503239 /* Release */,
			);
			defaultConfigurationIsVisible = 0;
			defaultConfigurationName = Release;
		};
		FC72827F2E4A385B00503239 /* Build configuration list for PBXNativeTarget "DevoApp" */ = {
			isa = XCConfigurationList;
			buildConfigurations = (
				FC7282802E4A385B00503239 /* Debug */,
				FC7282812E4A385B00503239 /* Release */,
			);
			defaultConfigurationIsVisible = 0;
			defaultConfigurationName = Release;
		};
		FC7282822E4A385B00503239 /* Build configuration list for PBXNativeTarget "DevoAppTests" */ = {
			isa = XCConfigurationList;
			buildConfigurations = (
				FC7282832E4A385B00503239 /* Debug */,
				FC7282842E4A385B00503239 /* Release */,
			);
			defaultConfigurationIsVisible = 0;
			defaultConfigurationName = Release;
		};
		FC7282852E4A385B00503239 /* Build configuration list for PBXNativeTarget "DevoAppUITests" */ = {
			isa = XCConfigurationList;
			buildConfigurations = (
				FC7282862E4A385B00503239 /* Debug */,
				FC7282872E4A385B00503239 /* Release */,
			);
			defaultConfigurationIsVisible = 0;
			defaultConfigurationName = Release;
		};
/* End XCConfigurationList section */

/* Begin XCRemoteSwiftPackageReference section */
		C7C946D62E5405C50031E86C /* XCRemoteSwiftPackageReference "firebase-ios-sdk" */ = {
			isa = XCRemoteSwiftPackageReference;
			repositoryURL = "https://github.com/firebase/firebase-ios-sdk";
			requirement = {
				kind = upToNextMajorVersion;
				minimumVersion = 12.1.0;
			};
		};
		C7C946D72E5406260031E86C /* XCRemoteSwiftPackageReference "GoogleSignIn-iOS" */ = {
			isa = XCRemoteSwiftPackageReference;
			repositoryURL = "https://github.com/google/GoogleSignIn-iOS";
			requirement = {
				kind = upToNextMajorVersion;
				minimumVersion = 9.0.0;
			};
		};
/* End XCRemoteSwiftPackageReference section */

/* Begin XCSwiftPackageProductDependency section */
		C7C946D82E5406260031E86C /* GoogleSignIn */ = {
			isa = XCSwiftPackageProductDependency;
			package = C7C946D72E5406260031E86C /* XCRemoteSwiftPackageReference "GoogleSignIn-iOS" */;
			productName = GoogleSignIn;
		};
		C7C946DA2E5406260031E86C /* GoogleSignInSwift */ = {
			isa = XCSwiftPackageProductDependency;
			package = C7C946D72E5406260031E86C /* XCRemoteSwiftPackageReference "GoogleSignIn-iOS" */;
			productName = GoogleSignInSwift;
		};
		C7C946DC2E5406750031E86C /* FirebaseAI */ = {
			isa = XCSwiftPackageProductDependency;
			package = C7C946D62E5405C50031E86C /* XCRemoteSwiftPackageReference "firebase-ios-sdk" */;
			productName = FirebaseAI;
		};
		C7C946DE2E5406750031E86C /* FirebaseAnalytics */ = {
			isa = XCSwiftPackageProductDependency;
			package = C7C946D62E5405C50031E86C /* XCRemoteSwiftPackageReference "firebase-ios-sdk" */;
			productName = FirebaseAnalytics;
		};
		C7C946E02E5406750031E86C /* FirebaseAnalyticsCore */ = {
			isa = XCSwiftPackageProductDependency;
			package = C7C946D62E5405C50031E86C /* XCRemoteSwiftPackageReference "firebase-ios-sdk" */;
			productName = FirebaseAnalyticsCore;
		};
		C7C946E22E5406750031E86C /* FirebaseAnalyticsIdentitySupport */ = {
			isa = XCSwiftPackageProductDependency;
			package = C7C946D62E5405C50031E86C /* XCRemoteSwiftPackageReference "firebase-ios-sdk" */;
			productName = FirebaseAnalyticsIdentitySupport;
		};
		C7C946E42E5406750031E86C /* FirebaseAppCheck */ = {
			isa = XCSwiftPackageProductDependency;
			package = C7C946D62E5405C50031E86C /* XCRemoteSwiftPackageReference "firebase-ios-sdk" */;
			productName = FirebaseAppCheck;
		};
		C7C946E92E5407FF0031E86C /* FirebaseAuth */ = {
			isa = XCSwiftPackageProductDependency;
			package = C7C946D62E5405C50031E86C /* XCRemoteSwiftPackageReference "firebase-ios-sdk" */;
			productName = FirebaseAuth;
		};
		C7C946EB2E54080A0031E86C /* FirebaseCore */ = {
			isa = XCSwiftPackageProductDependency;
			package = C7C946D62E5405C50031E86C /* XCRemoteSwiftPackageReference "firebase-ios-sdk" */;
			productName = FirebaseCore;
		};
		C7C946ED2E54080B0031E86C /* FirebaseFirestore */ = {
			isa = XCSwiftPackageProductDependency;
			package = C7C946D62E5405C50031E86C /* XCRemoteSwiftPackageReference "firebase-ios-sdk" */;
			productName = FirebaseFirestore;
		};
/* End XCSwiftPackageProductDependency section */
	};
	rootObject = FC7282562E4A385A00503239 /* Project object */;
}
